// !$*UTF8*$!
{
	archiveVersion = 1;
	classes = {
	};
	objectVersion = 42;
	objects = {

/* Begin PBXBuildFile section */
		130FB5D00D08B6D200D793CE /* NSString+ResolveAlias.m in Sources */ = {isa = PBXBuildFile; fileRef = 130FB5CF0D08B6D200D793CE /* NSString+ResolveAlias.m */; };
		1317D49B1034ABF800D2AF02 /* GTMFileSystemKQueue.m in Sources */ = {isa = PBXBuildFile; fileRef = 1317D49A1034ABF800D2AF02 /* GTMFileSystemKQueue.m */; };
		1337DD5F0CF3515A00204DF7 /* AppMenu.m in Sources */ = {isa = PBXBuildFile; fileRef = 1337DD5E0CF3515A00204DF7 /* AppMenu.m */; };
		134C05DC0D48032300B1AA5F /* ReadMe.rtf in Resources */ = {isa = PBXBuildFile; fileRef = 134C05DB0D48032300B1AA5F /* ReadMe.rtf */; };
		134C05DF0D48032F00B1AA5F /* Credits.rtf in Resources */ = {isa = PBXBuildFile; fileRef = 134C05DD0D48032F00B1AA5F /* Credits.rtf */; };
		635FDA5710365CE000A68273 /* Localizable.strings in Resources */ = {isa = PBXBuildFile; fileRef = 635FDA5510365CE000A68273 /* Localizable.strings */; };
		639185500CF8B23500DE3C02 /* AppMenu.icns in Resources */ = {isa = PBXBuildFile; fileRef = 6391854F0CF8B23500DE3C02 /* AppMenu.icns */; };
		8D11072A0486CEB800E47090 /* MainMenu.nib in Resources */ = {isa = PBXBuildFile; fileRef = 29B97318FDCFA39411CA2CEA /* MainMenu.nib */; };
		8D11072B0486CEB800E47090 /* InfoPlist.strings in Resources */ = {isa = PBXBuildFile; fileRef = 089C165CFE840E0CC02AAC07 /* InfoPlist.strings */; };
		8D11072D0486CEB800E47090 /* main.m in Sources */ = {isa = PBXBuildFile; fileRef = 29B97316FDCFA39411CA2CEA /* main.m */; settings = {ATTRIBUTES = (); }; };
		8D11072F0486CEB800E47090 /* Cocoa.framework in Frameworks */ = {isa = PBXBuildFile; fileRef = 1058C7A1FEA54F0111CA2CBB /* Cocoa.framework */; };
/* End PBXBuildFile section */

/* Begin PBXFileReference section */
		089C165DFE840E0CC02AAC07 /* English */ = {isa = PBXFileReference; fileEncoding = 10; lastKnownFileType = text.plist.strings; name = English; path = English.lproj/InfoPlist.strings; sourceTree = "<group>"; };
		1058C7A1FEA54F0111CA2CBB /* Cocoa.framework */ = {isa = PBXFileReference; lastKnownFileType = wrapper.framework; name = Cocoa.framework; path = /System/Library/Frameworks/Cocoa.framework; sourceTree = "<absolute>"; };
		130FB5CE0D08B6D200D793CE /* NSString+ResolveAlias.h */ = {isa = PBXFileReference; fileEncoding = 4; lastKnownFileType = sourcecode.c.h; path = "NSString+ResolveAlias.h"; sourceTree = "<group>"; };
		130FB5CF0D08B6D200D793CE /* NSString+ResolveAlias.m */ = {isa = PBXFileReference; fileEncoding = 4; lastKnownFileType = sourcecode.c.objc; path = "NSString+ResolveAlias.m"; sourceTree = "<group>"; };
		130FB6280D08C6BA00D793CE /* ReadMe.txt */ = {isa = PBXFileReference; fileEncoding = 4; lastKnownFileType = text; path = ReadMe.txt; sourceTree = "<group>"; };
		130FB63E0D08C8A400D793CE /* AppMenu.pch */ = {isa = PBXFileReference; fileEncoding = 4; lastKnownFileType = sourcecode.c.h; path = AppMenu.pch; sourceTree = "<group>"; };
		1317D4991034ABF800D2AF02 /* GTMFileSystemKQueue.h */ = {isa = PBXFileReference; fileEncoding = 4; lastKnownFileType = sourcecode.c.h; path = GTMFileSystemKQueue.h; sourceTree = "<group>"; };
		1317D49A1034ABF800D2AF02 /* GTMFileSystemKQueue.m */ = {isa = PBXFileReference; fileEncoding = 4; lastKnownFileType = sourcecode.c.objc; path = GTMFileSystemKQueue.m; sourceTree = "<group>"; };
		1337DD5D0CF3515A00204DF7 /* AppMenu.h */ = {isa = PBXFileReference; fileEncoding = 4; lastKnownFileType = sourcecode.c.h; path = AppMenu.h; sourceTree = "<group>"; };
		1337DD5E0CF3515A00204DF7 /* AppMenu.m */ = {isa = PBXFileReference; fileEncoding = 4; lastKnownFileType = sourcecode.c.objc; path = AppMenu.m; sourceTree = "<group>"; };
		134C05DB0D48032300B1AA5F /* ReadMe.rtf */ = {isa = PBXFileReference; lastKnownFileType = text.rtf; path = ReadMe.rtf; sourceTree = "<group>"; };
		134C05DE0D48032F00B1AA5F /* English */ = {isa = PBXFileReference; lastKnownFileType = text.rtf; name = English; path = English.lproj/Credits.rtf; sourceTree = "<group>"; };
		29B97316FDCFA39411CA2CEA /* main.m */ = {isa = PBXFileReference; fileEncoding = 4; lastKnownFileType = sourcecode.c.objc; path = main.m; sourceTree = "<group>"; };
		29B97319FDCFA39411CA2CEA /* English */ = {isa = PBXFileReference; lastKnownFileType = wrapper.nib; name = English; path = English.lproj/MainMenu.nib; sourceTree = "<group>"; };
		29B97324FDCFA39411CA2CEA /* AppKit.framework */ = {isa = PBXFileReference; lastKnownFileType = wrapper.framework; name = AppKit.framework; path = /System/Library/Frameworks/AppKit.framework; sourceTree = "<absolute>"; };
		635FDA5610365CE000A68273 /* English */ = {isa = PBXFileReference; fileEncoding = 10; lastKnownFileType = text.plist.strings; name = English; path = English.lproj/Localizable.strings; sourceTree = "<group>"; };
		6391854F0CF8B23500DE3C02 /* AppMenu.icns */ = {isa = PBXFileReference; lastKnownFileType = image.icns; path = AppMenu.icns; sourceTree = "<group>"; };
		8D1107310486CEB800E47090 /* Info.plist */ = {isa = PBXFileReference; fileEncoding = 4; lastKnownFileType = text.plist.xml; path = Info.plist; sourceTree = "<group>"; };
		8D1107320486CEB800E47090 /* AppMenuBoy.app */ = {isa = PBXFileReference; explicitFileType = wrapper.application; includeInIndex = 0; path = AppMenuBoy.app; sourceTree = BUILT_PRODUCTS_DIR; };
/* End PBXFileReference section */

/* Begin PBXFrameworksBuildPhase section */
		8D11072E0486CEB800E47090 /* Frameworks */ = {
			isa = PBXFrameworksBuildPhase;
			buildActionMask = 2147483647;
			files = (
				8D11072F0486CEB800E47090 /* Cocoa.framework in Frameworks */,
			);
			runOnlyForDeploymentPostprocessing = 0;
		};
/* End PBXFrameworksBuildPhase section */

/* Begin PBXGroup section */
		080E96DDFE201D6D7F000001 /* Classes */ = {
			isa = PBXGroup;
			children = (
				130FB5CE0D08B6D200D793CE /* NSString+ResolveAlias.h */,
				130FB5CF0D08B6D200D793CE /* NSString+ResolveAlias.m */,
				1337DD5D0CF3515A00204DF7 /* AppMenu.h */,
				1337DD5E0CF3515A00204DF7 /* AppMenu.m */,
			);
			name = Classes;
			path = Source;
			sourceTree = "<group>";
		};
		1058C7A0FEA54F0111CA2CBB /* Linked Frameworks */ = {
			isa = PBXGroup;
			children = (
				1058C7A1FEA54F0111CA2CBB /* Cocoa.framework */,
			);
			name = "Linked Frameworks";
			sourceTree = "<group>";
		};
		1058C7A2FEA54F0111CA2CBB /* Other Frameworks */ = {
			isa = PBXGroup;
			children = (
				29B97324FDCFA39411CA2CEA /* AppKit.framework */,
			);
			name = "Other Frameworks";
			sourceTree = "<group>";
		};
		130FB6270D08C6BA00D793CE /* Documentation */ = {
			isa = PBXGroup;
			children = (
				130FB6280D08C6BA00D793CE /* ReadMe.txt */,
				134C05DB0D48032300B1AA5F /* ReadMe.rtf */,
			);
			path = Documentation;
			sourceTree = "<group>";
		};
		1317D4981034ABF800D2AF02 /* open-source */ = {
			isa = PBXGroup;
			children = (
				1317D4991034ABF800D2AF02 /* GTMFileSystemKQueue.h */,
				1317D49A1034ABF800D2AF02 /* GTMFileSystemKQueue.m */,
			);
			path = "open-source";
			sourceTree = "<group>";
		};
		19C28FACFE9D520D11CA2CBB /* Products */ = {
			isa = PBXGroup;
			children = (
				8D1107320486CEB800E47090 /* AppMenuBoy.app */,
			);
			name = Products;
			sourceTree = "<group>";
		};
		29B97314FDCFA39411CA2CEA /* AppMenu */ = {
			isa = PBXGroup;
			children = (
				080E96DDFE201D6D7F000001 /* Classes */,
				29B97315FDCFA39411CA2CEA /* Other Source */,
				1317D4981034ABF800D2AF02 /* open-source */,
				29B97317FDCFA39411CA2CEA /* Resources */,
				130FB6270D08C6BA00D793CE /* Documentation */,
				29B97323FDCFA39411CA2CEA /* Frameworks */,
				19C28FACFE9D520D11CA2CBB /* Products */,
			);
			name = AppMenu;
			sourceTree = "<group>";
		};
		29B97315FDCFA39411CA2CEA /* Other Source */ = {
			isa = PBXGroup;
			children = (
				130FB63E0D08C8A400D793CE /* AppMenu.pch */,
				29B97316FDCFA39411CA2CEA /* main.m */,
			);
			name = "Other Source";
			path = Source;
			sourceTree = "<group>";
		};
		29B97317FDCFA39411CA2CEA /* Resources */ = {
			isa = PBXGroup;
			children = (
				134C05DD0D48032F00B1AA5F /* Credits.rtf */,
				8D1107310486CEB800E47090 /* Info.plist */,
				635FDA5510365CE000A68273 /* Localizable.strings */,
				089C165CFE840E0CC02AAC07 /* InfoPlist.strings */,
				6391854F0CF8B23500DE3C02 /* AppMenu.icns */,
				29B97318FDCFA39411CA2CEA /* MainMenu.nib */,
			);
			path = Resources;
			sourceTree = "<group>";
		};
		29B97323FDCFA39411CA2CEA /* Frameworks */ = {
			isa = PBXGroup;
			children = (
				1058C7A0FEA54F0111CA2CBB /* Linked Frameworks */,
				1058C7A2FEA54F0111CA2CBB /* Other Frameworks */,
			);
			name = Frameworks;
			sourceTree = "<group>";
		};
/* End PBXGroup section */

/* Begin PBXNativeTarget section */
		8D1107260486CEB800E47090 /* AppMenuBoy */ = {
			isa = PBXNativeTarget;
			buildConfigurationList = C01FCF4A08A954540054247B /* Build configuration list for PBXNativeTarget "AppMenuBoy" */;
			buildPhases = (
				8D1107290486CEB800E47090 /* Resources */,
				8D11072C0486CEB800E47090 /* Sources */,
				8D11072E0486CEB800E47090 /* Frameworks */,
			);
			buildRules = (
			);
			dependencies = (
			);
			name = AppMenuBoy;
			productInstallPath = "$(HOME)/Applications";
			productName = AppMenu;
			productReference = 8D1107320486CEB800E47090 /* AppMenuBoy.app */;
			productType = "com.apple.product-type.application";
		};
/* End PBXNativeTarget section */

/* Begin PBXProject section */
		29B97313FDCFA39411CA2CEA /* Project object */ = {
			isa = PBXProject;
			buildConfigurationList = C01FCF4E08A954540054247B /* Build configuration list for PBXProject "AppMenuBoy" */;
			compatibilityVersion = "Xcode 2.4";
			hasScannedForEncodings = 1;
			mainGroup = 29B97314FDCFA39411CA2CEA /* AppMenu */;
			projectDirPath = "";
			projectRoot = "";
			targets = (
				8D1107260486CEB800E47090 /* AppMenuBoy */,
			);
		};
/* End PBXProject section */

/* Begin PBXResourcesBuildPhase section */
		8D1107290486CEB800E47090 /* Resources */ = {
			isa = PBXResourcesBuildPhase;
			buildActionMask = 2147483647;
			files = (
				8D11072A0486CEB800E47090 /* MainMenu.nib in Resources */,
				8D11072B0486CEB800E47090 /* InfoPlist.strings in Resources */,
				639185500CF8B23500DE3C02 /* AppMenu.icns in Resources */,
				134C05DC0D48032300B1AA5F /* ReadMe.rtf in Resources */,
				134C05DF0D48032F00B1AA5F /* Credits.rtf in Resources */,
				635FDA5710365CE000A68273 /* Localizable.strings in Resources */,
			);
			runOnlyForDeploymentPostprocessing = 0;
		};
/* End PBXResourcesBuildPhase section */

/* Begin PBXSourcesBuildPhase section */
		8D11072C0486CEB800E47090 /* Sources */ = {
			isa = PBXSourcesBuildPhase;
			buildActionMask = 2147483647;
			files = (
				8D11072D0486CEB800E47090 /* main.m in Sources */,
				1337DD5F0CF3515A00204DF7 /* AppMenu.m in Sources */,
				130FB5D00D08B6D200D793CE /* NSString+ResolveAlias.m in Sources */,
				1317D49B1034ABF800D2AF02 /* GTMFileSystemKQueue.m in Sources */,
			);
			runOnlyForDeploymentPostprocessing = 0;
		};
/* End PBXSourcesBuildPhase section */

/* Begin PBXVariantGroup section */
		089C165CFE840E0CC02AAC07 /* InfoPlist.strings */ = {
			isa = PBXVariantGroup;
			children = (
				089C165DFE840E0CC02AAC07 /* English */,
			);
			name = InfoPlist.strings;
			sourceTree = "<group>";
		};
		134C05DD0D48032F00B1AA5F /* Credits.rtf */ = {
			isa = PBXVariantGroup;
			children = (
				134C05DE0D48032F00B1AA5F /* English */,
			);
			name = Credits.rtf;
			sourceTree = "<group>";
		};
		29B97318FDCFA39411CA2CEA /* MainMenu.nib */ = {
			isa = PBXVariantGroup;
			children = (
				29B97319FDCFA39411CA2CEA /* English */,
			);
			name = MainMenu.nib;
			sourceTree = "<group>";
		};
		635FDA5510365CE000A68273 /* Localizable.strings */ = {
			isa = PBXVariantGroup;
			children = (
				635FDA5610365CE000A68273 /* English */,
			);
			name = Localizable.strings;
			sourceTree = "<group>";
		};
/* End PBXVariantGroup section */

/* Begin XCBuildConfiguration section */
		C01FCF4B08A954540054247B /* Debug */ = {
			isa = XCBuildConfiguration;
			buildSettings = {
				COPY_PHASE_STRIP = NO;
				GCC_DYNAMIC_NO_PIC = NO;
				GCC_ENABLE_FIX_AND_CONTINUE = YES;
				GCC_MODEL_TUNING = G5;
				GCC_OPTIMIZATION_LEVEL = 0;
				GCC_PRECOMPILE_PREFIX_HEADER = YES;
				GCC_PREFIX_HEADER = Source/AppMenu.pch;
				INSTALL_PATH = "$(HOME)/Applications";
				PRODUCT_NAME = AppMenuBoy;
				WRAPPER_EXTENSION = app;
				ZERO_LINK = YES;
			};
			name = Debug;
		};
		C01FCF4C08A954540054247B /* Release */ = {
			isa = XCBuildConfiguration;
			buildSettings = {
				DEBUG_INFORMATION_FORMAT = "dwarf-with-dsym";
				GCC_MODEL_TUNING = G5;
				GCC_PRECOMPILE_PREFIX_HEADER = YES;
				GCC_PREFIX_HEADER = Source/AppMenu.pch;
				INSTALL_PATH = "$(HOME)/Applications";
				PRODUCT_NAME = AppMenuBoy;
				WRAPPER_EXTENSION = app;
			};
			name = Release;
		};
		C01FCF4F08A954540054247B /* Debug */ = {
			isa = XCBuildConfiguration;
			buildSettings = {
				GCC_PRECOMPILE_PREFIX_HEADER = NO;
				GCC_WARN_ABOUT_RETURN_TYPE = YES;
				GCC_WARN_UNUSED_VARIABLE = YES;
				INFOPLIST_FILE = Resources/Info.plist;
				PREBINDING = NO;
				SDKROOT = /Developer/SDKs/MacOSX10.4u.sdk;
			};
			name = Debug;
		};
		C01FCF5008A954540054247B /* Release */ = {
			isa = XCBuildConfiguration;
			buildSettings = {
				ARCHS = (
					ppc,
					i386,
				);
				GCC_PRECOMPILE_PREFIX_HEADER = NO;
				GCC_WARN_ABOUT_RETURN_TYPE = YES;
				GCC_WARN_UNUSED_VARIABLE = YES;
				INFOPLIST_FILE = Resources/Info.plist;
				PREBINDING = NO;
				SDKROOT = /Developer/SDKs/MacOSX10.4u.sdk;
			};
			name = Release;
		};
/* End XCBuildConfiguration section */

/* Begin XCConfigurationList section */
		C01FCF4A08A954540054247B /* Build configuration list for PBXNativeTarget "AppMenuBoy" */ = {
			isa = XCConfigurationList;
			buildConfigurations = (
				C01FCF4B08A954540054247B /* Debug */,
				C01FCF4C08A954540054247B /* Release */,
			);
			defaultConfigurationIsVisible = 0;
			defaultConfigurationName = Release;
		};
		C01FCF4E08A954540054247B /* Build configuration list for PBXProject "AppMenuBoy" */ = {
			isa = XCConfigurationList;
			buildConfigurations = (
				C01FCF4F08A954540054247B /* Debug */,
				C01FCF5008A954540054247B /* Release */,
			);
			defaultConfigurationIsVisible = 0;
			defaultConfigurationName = Release;
		};
/* End XCConfigurationList section */
	};
	rootObject = 29B97313FDCFA39411CA2CEA /* Project object */;
}
